// !$*UTF8*$!
{
	archiveVersion = 1;
	classes = {
	};
	objectVersion = 50;
	objects = {

/* Begin PBXBuildFile section */
		426C488B233DEAD600D773B7 /* SegmentView.xib in Resources */ = {isa = PBXBuildFile; fileRef = 426C488A233DEAD600D773B7 /* SegmentView.xib */; };
		42FCC4F62334BBCB0070C14A /* AppDelegate.swift in Sources */ = {isa = PBXBuildFile; fileRef = 42FCC4F52334BBCB0070C14A /* AppDelegate.swift */; };
		42FCC4F82334BBCB0070C14A /* ViewController.swift in Sources */ = {isa = PBXBuildFile; fileRef = 42FCC4F72334BBCB0070C14A /* ViewController.swift */; };
		42FCC4FB2334BBCB0070C14A /* Main.storyboard in Resources */ = {isa = PBXBuildFile; fileRef = 42FCC4F92334BBCB0070C14A /* Main.storyboard */; };
		42FCC4FD2334BBCC0070C14A /* Assets.xcassets in Resources */ = {isa = PBXBuildFile; fileRef = 42FCC4FC2334BBCC0070C14A /* Assets.xcassets */; };
		42FCC5002334BBCC0070C14A /* LaunchScreen.storyboard in Resources */ = {isa = PBXBuildFile; fileRef = 42FCC4FE2334BBCC0070C14A /* LaunchScreen.storyboard */; };
		42FCC5082334BC4D0070C14A /* ClockView.swift in Sources */ = {isa = PBXBuildFile; fileRef = 42FCC5072334BC4D0070C14A /* ClockView.swift */; };
		42FCC50A2334BC660070C14A /* SegmentView.swift in Sources */ = {isa = PBXBuildFile; fileRef = 42FCC5092334BC660070C14A /* SegmentView.swift */; };
		42FCC50C2334BC840070C14A /* ButtonView.swift in Sources */ = {isa = PBXBuildFile; fileRef = 42FCC50B2334BC840070C14A /* ButtonView.swift */; };
/* End PBXBuildFile section */

/* Begin PBXFileReference section */
		426C488A233DEAD600D773B7 /* SegmentView.xib */ = {isa = PBXFileReference; lastKnownFileType = file.xib; path = SegmentView.xib; sourceTree = "<group>"; };
		42FCC4F22334BBCB0070C14A /* SkillBoxTask12.app */ = {isa = PBXFileReference; explicitFileType = wrapper.application; includeInIndex = 0; path = SkillBoxTask12.app; sourceTree = BUILT_PRODUCTS_DIR; };
		42FCC4F52334BBCB0070C14A /* AppDelegate.swift */ = {isa = PBXFileReference; lastKnownFileType = sourcecode.swift; path = AppDelegate.swift; sourceTree = "<group>"; };
		42FCC4F72334BBCB0070C14A /* ViewController.swift */ = {isa = PBXFileReference; lastKnownFileType = sourcecode.swift; path = ViewController.swift; sourceTree = "<group>"; };
		42FCC4FA2334BBCB0070C14A /* Base */ = {isa = PBXFileReference; lastKnownFileType = file.storyboard; name = Base; path = Base.lproj/Main.storyboard; sourceTree = "<group>"; };
		42FCC4FC2334BBCC0070C14A /* Assets.xcassets */ = {isa = PBXFileReference; lastKnownFileType = folder.assetcatalog; path = Assets.xcassets; sourceTree = "<group>"; };
		42FCC4FF2334BBCC0070C14A /* Base */ = {isa = PBXFileReference; lastKnownFileType = file.storyboard; name = Base; path = Base.lproj/LaunchScreen.storyboard; sourceTree = "<group>"; };
		42FCC5012334BBCC0070C14A /* Info.plist */ = {isa = PBXFileReference; lastKnownFileType = text.plist.xml; path = Info.plist; sourceTree = "<group>"; };
		42FCC5072334BC4D0070C14A /* ClockView.swift */ = {isa = PBXFileReference; lastKnownFileType = sourcecode.swift; path = ClockView.swift; sourceTree = "<group>"; };
		42FCC5092334BC660070C14A /* SegmentView.swift */ = {isa = PBXFileReference; lastKnownFileType = sourcecode.swift; path = SegmentView.swift; sourceTree = "<group>"; };
		42FCC50B2334BC840070C14A /* ButtonView.swift */ = {isa = PBXFileReference; lastKnownFileType = sourcecode.swift; path = ButtonView.swift; sourceTree = "<group>"; };
/* End PBXFileReference section */

/* Begin PBXFrameworksBuildPhase section */
		42FCC4EF2334BBCB0070C14A /* Frameworks */ = {
			isa = PBXFrameworksBuildPhase;
			buildActionMask = 2147483647;
			files = (
			);
			runOnlyForDeploymentPostprocessing = 0;
		};
/* End PBXFrameworksBuildPhase section */

/* Begin PBXGroup section */
		42FCC4E92334BBCB0070C14A = {
			isa = PBXGroup;
			children = (
				42FCC4F42334BBCB0070C14A /* SkillBoxTask12 */,
				42FCC4F32334BBCB0070C14A /* Products */,
			);
			sourceTree = "<group>";
		};
		42FCC4F32334BBCB0070C14A /* Products */ = {
			isa = PBXGroup;
			children = (
				42FCC4F22334BBCB0070C14A /* SkillBoxTask12.app */,
			);
			name = Products;
			sourceTree = "<group>";
		};
		42FCC4F42334BBCB0070C14A /* SkillBoxTask12 */ = {
			isa = PBXGroup;
			children = (
				42FCC4F52334BBCB0070C14A /* AppDelegate.swift */,
				42FCC4F72334BBCB0070C14A /* ViewController.swift */,
				42FCC4F92334BBCB0070C14A /* Main.storyboard */,
				42FCC50D2334BC9E0070C14A /* MyView */,
				42FCC4FC2334BBCC0070C14A /* Assets.xcassets */,
				42FCC4FE2334BBCC0070C14A /* LaunchScreen.storyboard */,
				42FCC5012334BBCC0070C14A /* Info.plist */,
			);
			path = SkillBoxTask12;
			sourceTree = "<group>";
		};
		42FCC50D2334BC9E0070C14A /* MyView */ = {
			isa = PBXGroup;
			children = (
				42FCC5072334BC4D0070C14A /* ClockView.swift */,
				42FCC5092334BC660070C14A /* SegmentView.swift */,
				426C488A233DEAD600D773B7 /* SegmentView.xib */,
				42FCC50B2334BC840070C14A /* ButtonView.swift */,
			);
			name = MyView;
			sourceTree = "<group>";
		};
/* End PBXGroup section */

/* Begin PBXNativeTarget section */
		42FCC4F12334BBCB0070C14A /* SkillBoxTask12 */ = {
			isa = PBXNativeTarget;
			buildConfigurationList = 42FCC5042334BBCC0070C14A /* Build configuration list for PBXNativeTarget "SkillBoxTask12" */;
			buildPhases = (
				42FCC4EE2334BBCB0070C14A /* Sources */,
				42FCC4EF2334BBCB0070C14A /* Frameworks */,
				42FCC4F02334BBCB0070C14A /* Resources */,
			);
			buildRules = (
			);
			dependencies = (
			);
			name = SkillBoxTask12;
			productName = SkillBoxTask12;
			productReference = 42FCC4F22334BBCB0070C14A /* SkillBoxTask12.app */;
			productType = "com.apple.product-type.application";
		};
/* End PBXNativeTarget section */

/* Begin PBXProject section */
		42FCC4EA2334BBCB0070C14A /* Project object */ = {
			isa = PBXProject;
			attributes = {
				LastSwiftUpdateCheck = 1030;
				LastUpgradeCheck = 1030;
				ORGANIZATIONNAME = "Илья Лобков";
				TargetAttributes = {
					42FCC4F12334BBCB0070C14A = {
						CreatedOnToolsVersion = 10.3;
					};
				};
			};
			buildConfigurationList = 42FCC4ED2334BBCB0070C14A /* Build configuration list for PBXProject "SkillBoxTask12" */;
			compatibilityVersion = "Xcode 9.3";
			developmentRegion = en;
			hasScannedForEncodings = 0;
			knownRegions = (
				en,
				Base,
			);
			mainGroup = 42FCC4E92334BBCB0070C14A;
			productRefGroup = 42FCC4F32334BBCB0070C14A /* Products */;
			projectDirPath = "";
			projectRoot = "";
			targets = (
				42FCC4F12334BBCB0070C14A /* SkillBoxTask12 */,
			);
		};
/* End PBXProject section */

/* Begin PBXResourcesBuildPhase section */
		42FCC4F02334BBCB0070C14A /* Resources */ = {
			isa = PBXResourcesBuildPhase;
			buildActionMask = 2147483647;
			files = (
				42FCC5002334BBCC0070C14A /* LaunchScreen.storyboard in Resources */,
				42FCC4FD2334BBCC0070C14A /* Assets.xcassets in Resources */,
				426C488B233DEAD600D773B7 /* SegmentView.xib in Resources */,
				42FCC4FB2334BBCB0070C14A /* Main.storyboard in Resources */,
			);
			runOnlyForDeploymentPostprocessing = 0;
		};
/* End PBXResourcesBuildPhase section */

/* Begin PBXSourcesBuildPhase section */
		42FCC4EE2334BBCB0070C14A /* Sources */ = {
			isa = PBXSourcesBuildPhase;
			buildActionMask = 2147483647;
			files = (
				42FCC4F82334BBCB0070C14A /* ViewController.swift in Sources */,
				42FCC5082334BC4D0070C14A /* ClockView.swift in Sources */,
				42FCC50C2334BC840070C14A /* ButtonView.swift in Sources */,
				42FCC50A2334BC660070C14A /* SegmentView.swift in Sources */,
				42FCC4F62334BBCB0070C14A /* AppDelegate.swift in Sources */,
			);
			runOnlyForDeploymentPostprocessing = 0;
		};
/* End PBXSourcesBuildPhase section */

/* Begin PBXVariantGroup section */
		42FCC4F92334BBCB0070C14A /* Main.storyboard */ = {
			isa = PBXVariantGroup;
			children = (
				42FCC4FA2334BBCB0070C14A /* Base */,
			);
			name = Main.storyboard;
			sourceTree = "<group>";
		};
		42FCC4FE2334BBCC0070C14A /* LaunchScreen.storyboard */ = {
			isa = PBXVariantGroup;
			children = (
				42FCC4FF2334BBCC0070C14A /* Base */,
			);
			name = LaunchScreen.storyboard;
			sourceTree = "<group>";
		};
/* End PBXVariantGroup section */

/* Begin XCBuildConfiguration section */
		42FCC5022334BBCC0070C14A /* Debug */ = {
			isa = XCBuildConfiguration;
			buildSettings = {
				ALWAYS_SEARCH_USER_PATHS = NO;
				CLANG_ANALYZER_NONNULL = YES;
				CLANG_ANALYZER_NUMBER_OBJECT_CONVERSION = YES_AGGRESSIVE;
				CLANG_CXX_LANGUAGE_STANDARD = "gnu++14";
				CLANG_CXX_LIBRARY = "libc++";
				CLANG_ENABLE_MODULES = YES;
				CLANG_ENABLE_OBJC_ARC = YES;
				CLANG_ENABLE_OBJC_WEAK = YES;
				CLANG_WARN_BLOCK_CAPTURE_AUTORELEASING = YES;
				CLANG_WARN_BOOL_CONVERSION = YES;
				CLANG_WARN_COMMA = YES;
				CLANG_WARN_CONSTANT_CONVERSION = YES;
				CLANG_WARN_DEPRECATED_OBJC_IMPLEMENTATIONS = YES;
				CLANG_WARN_DIRECT_OBJC_ISA_USAGE = YES_ERROR;
				CLANG_WARN_DOCUMENTATION_COMMENTS = YES;
				CLANG_WARN_EMPTY_BODY = YES;
				CLANG_WARN_ENUM_CONVERSION = YES;
				CLANG_WARN_INFINITE_RECURSION = YES;
				CLANG_WARN_INT_CONVERSION = YES;
				CLANG_WARN_NON_LITERAL_NULL_CONVERSION = YES;
				CLANG_WARN_OBJC_IMPLICIT_RETAIN_SELF = YES;
				CLANG_WARN_OBJC_LITERAL_CONVERSION = YES;
				CLANG_WARN_OBJC_ROOT_CLASS = YES_ERROR;
				CLANG_WARN_RANGE_LOOP_ANALYSIS = YES;
				CLANG_WARN_STRICT_PROTOTYPES = YES;
				CLANG_WARN_SUSPICIOUS_MOVE = YES;
				CLANG_WARN_UNGUARDED_AVAILABILITY = YES_AGGRESSIVE;
				CLANG_WARN_UNREACHABLE_CODE = YES;
				CLANG_WARN__DUPLICATE_METHOD_MATCH = YES;
				CODE_SIGN_IDENTITY = "iPhone Developer";
				COPY_PHASE_STRIP = NO;
				DEBUG_INFORMATION_FORMAT = dwarf;
				ENABLE_STRICT_OBJC_MSGSEND = YES;
				ENABLE_TESTABILITY = YES;
				GCC_C_LANGUAGE_STANDARD = gnu11;
				GCC_DYNAMIC_NO_PIC = NO;
				GCC_NO_COMMON_BLOCKS = YES;
				GCC_OPTIMIZATION_LEVEL = 0;
				GCC_PREPROCESSOR_DEFINITIONS = (
					"DEBUG=1",
					"$(inherited)",
				);
				GCC_WARN_64_TO_32_BIT_CONVERSION = YES;
				GCC_WARN_ABOUT_RETURN_TYPE = YES_ERROR;
				GCC_WARN_UNDECLARED_SELECTOR = YES;
				GCC_WARN_UNINITIALIZED_AUTOS = YES_AGGRESSIVE;
				GCC_WARN_UNUSED_FUNCTION = YES;
				GCC_WARN_UNUSED_VARIABLE = YES;
				IPHONEOS_DEPLOYMENT_TARGET = 12.4;
				MTL_ENABLE_DEBUG_INFO = INCLUDE_SOURCE;
				MTL_FAST_MATH = YES;
				ONLY_ACTIVE_ARCH = YES;
				SDKROOT = iphoneos;
				SWIFT_ACTIVE_COMPILATION_CONDITIONS = DEBUG;
				SWIFT_OPTIMIZATION_LEVEL = "-Onone";
			};
			name = Debug;
		};
		42FCC5032334BBCC0070C14A /* Release */ = {
			isa = XCBuildConfiguration;
			buildSettings = {
				ALWAYS_SEARCH_USER_PATHS = NO;
				CLANG_ANALYZER_NONNULL = YES;
				CLANG_ANALYZER_NUMBER_OBJECT_CONVERSION = YES_AGGRESSIVE;
				CLANG_CXX_LANGUAGE_STANDARD = "gnu++14";
				CLANG_CXX_LIBRARY = "libc++";
				CLANG_ENABLE_MODULES = YES;
				CLANG_ENABLE_OBJC_ARC = YES;
				CLANG_ENABLE_OBJC_WEAK = YES;
				CLANG_WARN_BLOCK_CAPTURE_AUTORELEASING = YES;
				CLANG_WARN_BOOL_CONVERSION = YES;
				CLANG_WARN_COMMA = YES;
				CLANG_WARN_CONSTANT_CONVERSION = YES;
				CLANG_WARN_DEPRECATED_OBJC_IMPLEMENTATIONS = YES;
				CLANG_WARN_DIRECT_OBJC_ISA_USAGE = YES_ERROR;
				CLANG_WARN_DOCUMENTATION_COMMENTS = YES;
				CLANG_WARN_EMPTY_BODY = YES;
				CLANG_WARN_ENUM_CONVERSION = YES;
				CLANG_WARN_INFINITE_RECURSION = YES;
				CLANG_WARN_INT_CONVERSION = YES;
				CLANG_WARN_NON_LITERAL_NULL_CONVERSION = YES;
				CLANG_WARN_OBJC_IMPLICIT_RETAIN_SELF = YES;
				CLANG_WARN_OBJC_LITERAL_CONVERSION = YES;
				CLANG_WARN_OBJC_ROOT_CLASS = YES_ERROR;
				CLANG_WARN_RANGE_LOOP_ANALYSIS = YES;
				CLANG_WARN_STRICT_PROTOTYPES = YES;
				CLANG_WARN_SUSPICIOUS_MOVE = YES;
				CLANG_WARN_UNGUARDED_AVAILABILITY = YES_AGGRESSIVE;
				CLANG_WARN_UNREACHABLE_CODE = YES;
				CLANG_WARN__DUPLICATE_METHOD_MATCH = YES;
				CODE_SIGN_IDENTITY = "iPhone Developer";
				COPY_PHASE_STRIP = NO;
				DEBUG_INFORMATION_FORMAT = "dwarf-with-dsym";
				ENABLE_NS_ASSERTIONS = NO;
				ENABLE_STRICT_OBJC_MSGSEND = YES;
				GCC_C_LANGUAGE_STANDARD = gnu11;
				GCC_NO_COMMON_BLOCKS = YES;
				GCC_WARN_64_TO_32_BIT_CONVERSION = YES;
				GCC_WARN_ABOUT_RETURN_TYPE = YES_ERROR;
				GCC_WARN_UNDECLARED_SELECTOR = YES;
				GCC_WARN_UNINITIALIZED_AUTOS = YES_AGGRESSIVE;
				GCC_WARN_UNUSED_FUNCTION = YES;
				GCC_WARN_UNUSED_VARIABLE = YES;
				IPHONEOS_DEPLOYMENT_TARGET = 12.4;
				MTL_ENABLE_DEBUG_INFO = NO;
				MTL_FAST_MATH = YES;
				SDKROOT = iphoneos;
				SWIFT_COMPILATION_MODE = wholemodule;
				SWIFT_OPTIMIZATION_LEVEL = "-O";
				VALIDATE_PRODUCT = YES;
			};
			name = Release;
		};
		42FCC5052334BBCC0070C14A /* Debug */ = {
			isa = XCBuildConfiguration;
			buildSettings = {
				ASSETCATALOG_COMPILER_APPICON_NAME = AppIcon;
				CODE_SIGN_STYLE = Automatic;
				DEVELOPMENT_TEAM = GA5QK7SQDU;
				INFOPLIST_FILE = SkillBoxTask12/Info.plist;
				LD_RUNPATH_SEARCH_PATHS = (
					"$(inherited)",
					"@executable_path/Frameworks",
				);
				PRODUCT_BUNDLE_IDENTIFIER = LISa.SkillBoxTask12;
				PRODUCT_NAME = "$(TARGET_NAME)";
				SWIFT_VERSION = 5.0;
				TARGETED_DEVICE_FAMILY = "1,2";
			};
			name = Debug;
		};
		42FCC5062334BBCC0070C14A /* Release */ = {
			isa = XCBuildConfiguration;
			buildSettings = {
				ASSETCATALOG_COMPILER_APPICON_NAME = AppIcon;
				CODE_SIGN_STYLE = Automatic;
				DEVELOPMENT_TEAM = GA5QK7SQDU;
				INFOPLIST_FILE = SkillBoxTask12/Info.plist;
				LD_RUNPATH_SEARCH_PATHS = (
					"$(inherited)",
					"@executable_path/Frameworks",
				);
				PRODUCT_BUNDLE_IDENTIFIER = LISa.SkillBoxTask12;
				PRODUCT_NAME = "$(TARGET_NAME)";
				SWIFT_VERSION = 5.0;
				TARGETED_DEVICE_FAMILY = "1,2";
			};
			name = Release;
		};
/* End XCBuildConfiguration section */

/* Begin XCConfigurationList section */
		42FCC4ED2334BBCB0070C14A /* Build configuration list for PBXProject "SkillBoxTask12" */ = {
			isa = XCConfigurationList;
			buildConfigurations = (
				42FCC5022334BBCC0070C14A /* Debug */,
				42FCC5032334BBCC0070C14A /* Release */,
			);
			defaultConfigurationIsVisible = 0;
			defaultConfigurationName = Release;
		};
		42FCC5042334BBCC0070C14A /* Build configuration list for PBXNativeTarget "SkillBoxTask12" */ = {
			isa = XCConfigurationList;
			buildConfigurations = (
				42FCC5052334BBCC0070C14A /* Debug */,
				42FCC5062334BBCC0070C14A /* Release */,
			);
			defaultConfigurationIsVisible = 0;
			defaultConfigurationName = Release;
		};
/* End XCConfigurationList section */
	};
	rootObject = 42FCC4EA2334BBCB0070C14A /* Project object */;
}
